<?xml version="1.0" encoding="utf-8"?>
<Project ToolsVersion="4.0" xmlns="http://schemas.microsoft.com/developer/msbuild/2003">
  <ItemGroup>
    <ClCompile Include="src\gl.c" />
    <ClCompile Include="t_0_main.cpp" />
    <ClCompile Include="helpers\GlfwHelper.cpp" />
    <ClCompile Include="glEntities\implementations\Shader.cpp" />
    <ClCompile Include="shaders\BasicShaders.cpp" />
    <ClCompile Include="t_1_main.cpp" />
    <ClCompile Include="t_2_main.cpp" />
    <ClCompile Include="glEntities\implementations\VertexBufferObject.cpp" />
    <ClCompile Include="glEntities\implementations\VertexArrayObject.cpp" />
    <ClCompile Include="t_3_main.cpp" />
    <ClCompile Include="glEntities\implementations\ElementBufferObject.cpp" />
  </ItemGroup>
  <ItemGroup>
    <ClInclude Include="helpers\GlfwHelper.h" />
    <ClInclude Include="glEntities\Shader.h" />
    <ClInclude Include="glEntities\VertexBufferObject.h" />
    <ClInclude Include="glEntities\VertexArrayObject.h" />
    <ClInclude Include="glEntities\ElementBufferObject.h" />
  </ItemGroup>
  <ItemGroup>
    <None Include="shaders\Default.vert" />
    <None Include="shaders\Default.frag" />
  </ItemGroup>
</Project>