<?xml version="1.0" encoding="utf-8"?>
<Project ToolsVersion="4.0" xmlns="http://schemas.microsoft.com/developer/msbuild/2003">
  <ItemGroup>
    <ClCompile Include="src\gl.c" />
    <ClCompile Include="t_0_main.cpp" />
    <ClCompile Include="helpers\GlfwHelper.cpp" />
    <ClCompile Include="gl_helpers\implementations\Shader.cpp" />
    <ClCompile Include="shaders\BasicShaders.cpp" />
    <ClCompile Include="t_1_main.cpp" />
    <ClCompile Include="t_2_main.cpp" />
    <ClCompile Include="gl_helpers\implementations\VertexBufferObject.cpp" />
    <ClCompile Include="gl_helpers\implementations\VertexArrayObject.cpp" />
    <ClCompile Include="t_3_main.cpp" />
    <ClCompile Include="gl_helpers\implementations\ElementBufferObject.cpp" />
    <ClCompile Include="t_4_main.cpp" />
  </ItemGroup>
  <ItemGroup>
    <ClInclude Include="helpers\GlfwHelper.h" />
    <ClInclude Include="gl_helpers\Shader.h" />
    <ClInclude Include="gl_helpers\VertexBufferObject.h" />
    <ClInclude Include="gl_helpers\VertexArrayObject.h" />
    <ClInclude Include="gl_helpers\ElementBufferObject.h" />
  </ItemGroup>
  <ItemGroup>
    <None Include="shaders\default.vert" />
    <None Include="shaders\default.frag" />
  </ItemGroup>
  <ItemGroup>
    <Text Include="shaders\shader_01.vert" />
    <Text Include="shaders\shader_01.frag" />
  </ItemGroup>
</Project>