<?xml version="1.0" encoding="utf-8"?>
<Project ToolsVersion="4.0" xmlns="http://schemas.microsoft.com/developer/msbuild/2003">
  <ItemGroup>
    <ClCompile Include="src\gl.c" />
    <ClCompile Include="t_0_main.cpp" />
    <ClCompile Include="helpers\GlfwHelper.cpp" />
    <ClCompile Include="gl_helpers\implementations\GlShader.cpp" />
    <ClCompile Include="shaders\BasicShaders.cpp" />
    <ClCompile Include="t_1_main.cpp" />
    <ClCompile Include="t_2_main.cpp" />
    <ClCompile Include="gl_helpers\implementations\GlVbo.cpp" />
    <ClCompile Include="gl_helpers\implementations\GlVao.cpp" />
    <ClCompile Include="t_3_main.cpp" />
    <ClCompile Include="gl_helpers\implementations\GlEbo.cpp" />
    <ClCompile Include="t_4_main.cpp" />
    <ClCompile Include="src\stb.cpp" />
    <ClCompile Include="t_5_main.cpp" />
    <ClCompile Include="gl_helpers\implementations\GlTexture.cpp" />
    <ClCompile Include="t_6_main.cpp" />
    <ClCompile Include="t_7_main.cpp" />
    <ClCompile Include="gl_helpers\implementations\GlCamera.cpp" />
    <ClCompile Include="t_8_main.cpp" />
  </ItemGroup>
  <ItemGroup>
    <ClInclude Include="helpers\GlfwHelper.h" />
    <ClInclude Include="gl_helpers\GlShader.h" />
    <ClInclude Include="gl_helpers\GlVbo.h" />
    <ClInclude Include="gl_helpers\GlVao.h" />
    <ClInclude Include="gl_helpers\GlEbo.h" />
    <ClInclude Include="gl_helpers\GlTexture.h" />
    <ClInclude Include="gl_helpers\GlCamera.h" />
  </ItemGroup>
  <ItemGroup>
    <None Include="shaders\default.vert" />
    <None Include="shaders\default.frag" />
    <None Include="shaders\shader_02.vert" />
    <None Include="shaders\shader_02.frag" />
    <None Include="shaders\shader_03.vert" />
    <None Include="shaders\shader_03.frag" />
    <None Include="shaders\shader_04.frag" />
    <None Include="shaders\shader_04.vert" />
  </ItemGroup>
  <ItemGroup>
    <Text Include="shaders\shader_01.vert" />
    <Text Include="shaders\shader_01.frag" />
  </ItemGroup>
</Project>